
Microsoft Visual Studio Solution File, Format Version 12.00
Project("{FAE04EC0-301F-11D3-BF4B-00C04F79EFBC}") = "JackHouse", "JackHouse\JackHouse.csproj", "{98131479-8154-47FA-9CDE-F4E4AC095D5A}"
EndProject
Global
	GlobalSection(SolutionConfigurationPlatforms) = preSolution
		Debug|Any CPU = Debug|Any CPU
		Release|Any CPU = Release|Any CPU
	EndGlobalSection
	GlobalSection(ProjectConfigurationPlatforms) = postSolution
		{98131479-8154-47FA-9CDE-F4E4AC095D5A}.Debug|Any CPU.ActiveCfg = Debug|Any CPU
		{98131479-8154-47FA-9CDE-F4E4AC095D5A}.Debug|Any CPU.Build.0 = Debug|Any CPU
		{98131479-8154-47FA-9CDE-F4E4AC095D5A}.Release|Any CPU.ActiveCfg = Release|Any CPU
		{98131479-8154-47FA-9CDE-F4E4AC095D5A}.Release|Any CPU.Build.0 = Release|Any CPU
	EndGlobalSection
EndGlobal
